github.com/CalebMohamed/calebnm-blogs v0.0.0-20251206144507-5a374f98791a h1:ljk8UH8CIkS46gYh7/wDN3LFVUH+1078eEe07maB8Yo=
github.com/CalebMohamed/calebnm-blogs v0.0.0-20251206144507-5a374f98791a/go.mod h1:VDNKVuDbz7tmZyt7TxIIq2vP80TIouEfOHtOK+9VES4=
github.com/CalebMohamed/calebnm-poems v0.0.0-20251226231127-5ad546a2a5c9 h1:+nHBag2G+At5VaBTwNqW/wuDG1Q0fxuxcHsrnxp8zOg=
github.com/CalebMohamed/calebnm-poems v0.0.0-20251226231127-5ad546a2a5c9/go.mod h1:Yb6arzFIGCVevLuijbh5RTOzlgDRbEHBSfvfZ31wuLM=
